
Microsoft Visual Studio Solution File, Format Version 12.00
# Visual Studio 15
VisualStudioVersion = 15.0.28307.421
MinimumVisualStudioVersion = 10.0.40219.1
Project("{FAE04EC0-301F-11D3-BF4B-00C04F79EFBC}") = "LaptopIntegrationWebApp", "LaptopIntegrationWebApp\LaptopIntegrationWebApp.csproj", "{0D0D3A20-E90D-4ECF-840D-0E8FD030BA76}"
EndProject
Global
	GlobalSection(SolutionConfigurationPlatforms) = preSolution
		Debug|Any CPU = Debug|Any CPU
		Release|Any CPU = Release|Any CPU
	EndGlobalSection
	GlobalSection(ProjectConfigurationPlatforms) = postSolution
		{0D0D3A20-E90D-4ECF-840D-0E8FD030BA76}.Debug|Any CPU.ActiveCfg = Debug|Any CPU
		{0D0D3A20-E90D-4ECF-840D-0E8FD030BA76}.Debug|Any CPU.Build.0 = Debug|Any CPU
		{0D0D3A20-E90D-4ECF-840D-0E8FD030BA76}.Release|Any CPU.ActiveCfg = Release|Any CPU
		{0D0D3A20-E90D-4ECF-840D-0E8FD030BA76}.Release|Any CPU.Build.0 = Release|Any CPU
	EndGlobalSection
	GlobalSection(SolutionProperties) = preSolution
		HideSolutionNode = FALSE
	EndGlobalSection
	GlobalSection(ExtensibilityGlobals) = postSolution
		SolutionGuid = {429314B3-5E4D-44B3-8096-CFD789CD8287}
	EndGlobalSection
EndGlobal
